Microsoft Visual Studio Solution File, Format Version 8.00
Project("{8BC9CEB8-8B4A-11D0-8D11-00A0C91BC942}") = "OggPlayS60MMF", "OggPlayS60MMF.vcproj", "{602FD4E9-9A3E-4A9D-8E54-F34C1B24AB6B}"
	ProjectSection(ProjectDependencies) = postProject
		{5C318E35-9576-492D-9484-AB3AB9E352B8} = {5C318E35-9576-492D-9484-AB3AB9E352B8}
	EndProjectSection
EndProject
Project("{8BC9CEB8-8B4A-11D0-8D11-00A0C91BC942}") = "OggPluginDecoderS60MMF", "vorbis\OggPluginDecoderS60MMF.vcproj", "{5C318E35-9576-492D-9484-AB3AB9E352B8}"
	ProjectSection(ProjectDependencies) = postProject
	EndProjectSection
EndProject
Global
	GlobalSection(SolutionConfiguration) = preSolution
		Deb_S60_23_WINSCW = Deb_S60_23_WINSCW
		Debug = Debug
		Release = Release
	EndGlobalSection
	GlobalSection(ProjectConfiguration) = postSolution
		{602FD4E9-9A3E-4A9D-8E54-F34C1B24AB6B}.Deb_S60_23_WINSCW.ActiveCfg = Deb_S60_23_WINSCW|Win32
		{602FD4E9-9A3E-4A9D-8E54-F34C1B24AB6B}.Deb_S60_23_WINSCW.Build.0 = Deb_S60_23_WINSCW|Win32
		{602FD4E9-9A3E-4A9D-8E54-F34C1B24AB6B}.Debug.ActiveCfg = Debug|Win32
		{602FD4E9-9A3E-4A9D-8E54-F34C1B24AB6B}.Debug.Build.0 = Debug|Win32
		{602FD4E9-9A3E-4A9D-8E54-F34C1B24AB6B}.Release.ActiveCfg = Release|Win32
		{602FD4E9-9A3E-4A9D-8E54-F34C1B24AB6B}.Release.Build.0 = Release|Win32
		{5C318E35-9576-492D-9484-AB3AB9E352B8}.Deb_S60_23_WINSCW.ActiveCfg = Deb_S60_23_WINSCW|Win32
		{5C318E35-9576-492D-9484-AB3AB9E352B8}.Deb_S60_23_WINSCW.Build.0 = Debug|Win32
		{5C318E35-9576-492D-9484-AB3AB9E352B8}.Debug.ActiveCfg = Debug|Win32
		{5C318E35-9576-492D-9484-AB3AB9E352B8}.Debug.Build.0 = Debug|Win32
		{5C318E35-9576-492D-9484-AB3AB9E352B8}.Release.ActiveCfg = Release|Win32
		{5C318E35-9576-492D-9484-AB3AB9E352B8}.Release.Build.0 = Release|Win32
	EndGlobalSection
	GlobalSection(ExtensibilityGlobals) = postSolution
	EndGlobalSection
	GlobalSection(ExtensibilityAddIns) = postSolution
	EndGlobalSection
EndGlobal
