Microsoft Visual Studio Solution File, Format Version 8.00
Project("{8BC9CEB8-8B4A-11D0-8D11-00A0C91BC942}") = "OggPlayS80", "OggPlayS80.vcproj", "{5C37CF90-5F83-4FA7-891C-72FDAE318154}"
	ProjectSection(ProjectDependencies) = postProject
		{3DB671B7-1C01-429C-AC72-D4BA9F346B49} = {3DB671B7-1C01-429C-AC72-D4BA9F346B49}
	EndProjectSection
EndProject
Project("{8BC9CEB8-8B4A-11D0-8D11-00A0C91BC942}") = "OggPluginDecoderS80", "vorbis\OggPluginDecoderS80.vcproj", "{3DB671B7-1C01-429C-AC72-D4BA9F346B49}"
	ProjectSection(ProjectDependencies) = postProject
	EndProjectSection
EndProject
Global
	GlobalSection(SolutionConfiguration) = preSolution
		Deb_S80_20_WINS = Deb_S80_20_WINS
		Debug = Debug
		Rel_S80_20_ARMI = Rel_S80_20_ARMI
		Release = Release
	EndGlobalSection
	GlobalSection(ProjectConfiguration) = postSolution
		{5C37CF90-5F83-4FA7-891C-72FDAE318154}.Deb_S80_20_WINS.ActiveCfg = Deb_S80_20_WINS|Win32
		{5C37CF90-5F83-4FA7-891C-72FDAE318154}.Deb_S80_20_WINS.Build.0 = Deb_S80_20_WINS|Win32
		{5C37CF90-5F83-4FA7-891C-72FDAE318154}.Debug.ActiveCfg = Debug|Win32
		{5C37CF90-5F83-4FA7-891C-72FDAE318154}.Debug.Build.0 = Debug|Win32
		{5C37CF90-5F83-4FA7-891C-72FDAE318154}.Rel_S80_20_ARMI.ActiveCfg = Rel_S80_20_ARMI|Win32
		{5C37CF90-5F83-4FA7-891C-72FDAE318154}.Rel_S80_20_ARMI.Build.0 = Rel_S80_20_ARMI|Win32
		{5C37CF90-5F83-4FA7-891C-72FDAE318154}.Release.ActiveCfg = Release|Win32
		{5C37CF90-5F83-4FA7-891C-72FDAE318154}.Release.Build.0 = Release|Win32
		{3DB671B7-1C01-429C-AC72-D4BA9F346B49}.Deb_S80_20_WINS.ActiveCfg = Deb_S80_20_WINS|Win32
		{3DB671B7-1C01-429C-AC72-D4BA9F346B49}.Deb_S80_20_WINS.Build.0 = Deb_S80_20_WINS|Win32
		{3DB671B7-1C01-429C-AC72-D4BA9F346B49}.Debug.ActiveCfg = Debug|Win32
		{3DB671B7-1C01-429C-AC72-D4BA9F346B49}.Debug.Build.0 = Debug|Win32
		{3DB671B7-1C01-429C-AC72-D4BA9F346B49}.Rel_S80_20_ARMI.ActiveCfg = Rel_S80_20_ARMI|Win32
		{3DB671B7-1C01-429C-AC72-D4BA9F346B49}.Rel_S80_20_ARMI.Build.0 = Rel_S80_20_ARMI|Win32
		{3DB671B7-1C01-429C-AC72-D4BA9F346B49}.Release.ActiveCfg = Release|Win32
		{3DB671B7-1C01-429C-AC72-D4BA9F346B49}.Release.Build.0 = Release|Win32
	EndGlobalSection
	GlobalSection(ExtensibilityGlobals) = postSolution
	EndGlobalSection
	GlobalSection(ExtensibilityAddIns) = postSolution
	EndGlobalSection
EndGlobal
