Microsoft Visual Studio Solution File, Format Version 8.00
Project("{8BC9CEB8-8B4A-11D0-8D11-00A0C91BC942}") = "OggPlayS60V3", "OggPlayS60V3.vcproj", "{C4F00B45-FFA6-45C1-B20C-7F28BD45A7E4}"
	ProjectSection(ProjectDependencies) = postProject
		{08F7E1F5-A6A8-417B-95B7-40FA7B1A0F88} = {08F7E1F5-A6A8-417B-95B7-40FA7B1A0F88}
	EndProjectSection
EndProject
Project("{8BC9CEB8-8B4A-11D0-8D11-00A0C91BC942}") = "OggvorbisS60V3", "vorbis\OggvorbisS60V3.vcproj", "{08F7E1F5-A6A8-417B-95B7-40FA7B1A0F88}"
	ProjectSection(ProjectDependencies) = postProject
	EndProjectSection
EndProject
Global
	GlobalSection(SolutionConfiguration) = preSolution
		Deb_S60_30M_WINSCW = Deb_S60_30M_WINSCW
		Debug = Debug
		Release = Release
	EndGlobalSection
	GlobalSection(ProjectConfiguration) = postSolution
		{C4F00B45-FFA6-45C1-B20C-7F28BD45A7E4}.Deb_S60_30M_WINSCW.ActiveCfg = Deb_S60_30M_WINSCW|Win32
		{C4F00B45-FFA6-45C1-B20C-7F28BD45A7E4}.Deb_S60_30M_WINSCW.Build.0 = Deb_S60_30M_WINSCW|Win32
		{C4F00B45-FFA6-45C1-B20C-7F28BD45A7E4}.Debug.ActiveCfg = Debug|Win32
		{C4F00B45-FFA6-45C1-B20C-7F28BD45A7E4}.Debug.Build.0 = Debug|Win32
		{C4F00B45-FFA6-45C1-B20C-7F28BD45A7E4}.Release.ActiveCfg = Release|Win32
		{C4F00B45-FFA6-45C1-B20C-7F28BD45A7E4}.Release.Build.0 = Release|Win32
		{08F7E1F5-A6A8-417B-95B7-40FA7B1A0F88}.Deb_S60_30M_WINSCW.ActiveCfg = Deb_S60_30M_WINSCW|Win32
		{08F7E1F5-A6A8-417B-95B7-40FA7B1A0F88}.Deb_S60_30M_WINSCW.Build.0 = Deb_S60_30M_WINSCW|Win32
		{08F7E1F5-A6A8-417B-95B7-40FA7B1A0F88}.Debug.ActiveCfg = Debug|Win32
		{08F7E1F5-A6A8-417B-95B7-40FA7B1A0F88}.Debug.Build.0 = Debug|Win32
		{08F7E1F5-A6A8-417B-95B7-40FA7B1A0F88}.Release.ActiveCfg = Release|Win32
		{08F7E1F5-A6A8-417B-95B7-40FA7B1A0F88}.Release.Build.0 = Release|Win32
	EndGlobalSection
	GlobalSection(ExtensibilityGlobals) = postSolution
	EndGlobalSection
	GlobalSection(ExtensibilityAddIns) = postSolution
	EndGlobalSection
EndGlobal
