Microsoft Visual Studio Solution File, Format Version 8.00
Project("{8BC9CEB8-8B4A-11D0-8D11-00A0C91BC942}") = "OggPlayS60V3", "OggPlayS60V3.vcproj", "{B17890E4-3DBE-4459-B995-05884A21865B}"
	ProjectSection(ProjectDependencies) = postProject
	EndProjectSection
EndProject
Project("{8BC9CEB8-8B4A-11D0-8D11-00A0C91BC942}") = "OggvorbisS60V3", "vorbis\OggvorbisS60V3.vcproj", "{4543503C-3AD7-429D-80D9-8080B1AC13A9}"
	ProjectSection(ProjectDependencies) = postProject
	EndProjectSection
EndProject
Global
	GlobalSection(SolutionConfiguration) = preSolution
		Deb_S60_30_WINSCW = Deb_S60_30_WINSCW
		Debug = Debug
		Release = Release
	EndGlobalSection
	GlobalSection(ProjectConfiguration) = postSolution
		{B17890E4-3DBE-4459-B995-05884A21865B}.Deb_S60_30_WINSCW.ActiveCfg = Deb_S60_30_WINSCW|Win32
		{B17890E4-3DBE-4459-B995-05884A21865B}.Deb_S60_30_WINSCW.Build.0 = Deb_S60_30_WINSCW|Win32
		{B17890E4-3DBE-4459-B995-05884A21865B}.Debug.ActiveCfg = Debug|Win32
		{B17890E4-3DBE-4459-B995-05884A21865B}.Debug.Build.0 = Debug|Win32
		{B17890E4-3DBE-4459-B995-05884A21865B}.Release.ActiveCfg = Release|Win32
		{B17890E4-3DBE-4459-B995-05884A21865B}.Release.Build.0 = Release|Win32
		{4543503C-3AD7-429D-80D9-8080B1AC13A9}.Deb_S60_30_WINSCW.ActiveCfg = Deb_S60_30_WINSCW|Win32
		{4543503C-3AD7-429D-80D9-8080B1AC13A9}.Deb_S60_30_WINSCW.Build.0 = Debug|Win32
		{4543503C-3AD7-429D-80D9-8080B1AC13A9}.Debug.ActiveCfg = Debug|Win32
		{4543503C-3AD7-429D-80D9-8080B1AC13A9}.Debug.Build.0 = Debug|Win32
		{4543503C-3AD7-429D-80D9-8080B1AC13A9}.Release.ActiveCfg = Release|Win32
		{4543503C-3AD7-429D-80D9-8080B1AC13A9}.Release.Build.0 = Release|Win32
	EndGlobalSection
	GlobalSection(ExtensibilityGlobals) = postSolution
	EndGlobalSection
	GlobalSection(ExtensibilityAddIns) = postSolution
	EndGlobalSection
EndGlobal
