Microsoft Visual Studio Solution File, Format Version 8.00
Project("{8BC9CEB8-8B4A-11D0-8D11-00A0C91BC942}") = "OggPlayS80", "OggPlayS80.vcproj", "{96109094-D51E-4A8C-81CF-32CC129E031E}"
	ProjectSection(ProjectDependencies) = postProject
		{AFAB9A2E-5FA2-4C14-B3A8-2E7714904566} = {AFAB9A2E-5FA2-4C14-B3A8-2E7714904566}
	EndProjectSection
EndProject
Project("{8BC9CEB8-8B4A-11D0-8D11-00A0C91BC942}") = "OggPluginDecoderS80", "vorbis\OggPluginDecoderS80.vcproj", "{AFAB9A2E-5FA2-4C14-B3A8-2E7714904566}"
	ProjectSection(ProjectDependencies) = postProject
	EndProjectSection
EndProject
Global
	GlobalSection(SolutionConfiguration) = preSolution
		Deb_S80_20_WINS = Deb_S80_20_WINS
		Debug = Debug
		Release = Release
	EndGlobalSection
	GlobalSection(ProjectConfiguration) = postSolution
		{96109094-D51E-4A8C-81CF-32CC129E031E}.Deb_S80_20_WINS.ActiveCfg = Deb_S80_20_WINS|Win32
		{96109094-D51E-4A8C-81CF-32CC129E031E}.Deb_S80_20_WINS.Build.0 = Deb_S80_20_WINS|Win32
		{96109094-D51E-4A8C-81CF-32CC129E031E}.Debug.ActiveCfg = Debug|Win32
		{96109094-D51E-4A8C-81CF-32CC129E031E}.Debug.Build.0 = Debug|Win32
		{96109094-D51E-4A8C-81CF-32CC129E031E}.Release.ActiveCfg = Release|Win32
		{96109094-D51E-4A8C-81CF-32CC129E031E}.Release.Build.0 = Release|Win32
		{AFAB9A2E-5FA2-4C14-B3A8-2E7714904566}.Deb_S80_20_WINS.ActiveCfg = Deb_S80_20_WINS|Win32
		{AFAB9A2E-5FA2-4C14-B3A8-2E7714904566}.Deb_S80_20_WINS.Build.0 = Deb_S80_20_WINS|Win32
		{AFAB9A2E-5FA2-4C14-B3A8-2E7714904566}.Debug.ActiveCfg = Debug|Win32
		{AFAB9A2E-5FA2-4C14-B3A8-2E7714904566}.Debug.Build.0 = Debug|Win32
		{AFAB9A2E-5FA2-4C14-B3A8-2E7714904566}.Release.ActiveCfg = Release|Win32
		{AFAB9A2E-5FA2-4C14-B3A8-2E7714904566}.Release.Build.0 = Release|Win32
	EndGlobalSection
	GlobalSection(ExtensibilityGlobals) = postSolution
	EndGlobalSection
	GlobalSection(ExtensibilityAddIns) = postSolution
	EndGlobalSection
EndGlobal
